
Microsoft Visual Studio Solution File, Format Version 12.00
# Visual Studio 15
VisualStudioVersion = 15.0.27703.2047
MinimumVisualStudioVersion = 10.0.40219.1
Project("{FAE04EC0-301F-11D3-BF4B-00C04F79EFBC}") = "WebApplication2", "WebApplication2\WebApplication2.csproj", "{F79C7A7A-F722-45BC-B0F6-E0A52E38841A}"
EndProject
Global
	GlobalSection(SolutionConfigurationPlatforms) = preSolution
		Debug|Any CPU = Debug|Any CPU
		Release|Any CPU = Release|Any CPU
	EndGlobalSection
	GlobalSection(ProjectConfigurationPlatforms) = postSolution
		{F79C7A7A-F722-45BC-B0F6-E0A52E38841A}.Debug|Any CPU.ActiveCfg = Debug|Any CPU
		{F79C7A7A-F722-45BC-B0F6-E0A52E38841A}.Debug|Any CPU.Build.0 = Debug|Any CPU
		{F79C7A7A-F722-45BC-B0F6-E0A52E38841A}.Release|Any CPU.ActiveCfg = Release|Any CPU
		{F79C7A7A-F722-45BC-B0F6-E0A52E38841A}.Release|Any CPU.Build.0 = Release|Any CPU
	EndGlobalSection
	GlobalSection(SolutionProperties) = preSolution
		HideSolutionNode = FALSE
	EndGlobalSection
	GlobalSection(ExtensibilityGlobals) = postSolution
		SolutionGuid = {9B73370D-25A2-4E08-A262-AFA56CDA9111}
	EndGlobalSection
EndGlobal
